// !$*UTF8*$!
{
	archiveVersion = 1;
	classes = {
	};
	objectVersion = 51;
	objects = {

/* Begin PBXBuildFile section */
		52092715240D3C9700169963 /* MoreApis.swift in Sources */ = {isa = PBXBuildFile; fileRef = 52092714240D3C9700169963 /* MoreApis.swift */; };
		52092717240D4B2C00169963 /* Profile.swift in Sources */ = {isa = PBXBuildFile; fileRef = 52092716240D4B2C00169963 /* Profile.swift */; };
		52097361238434AC0051D493 /* CreateOrder.swift in Sources */ = {isa = PBXBuildFile; fileRef = 52097360238434AC0051D493 /* CreateOrder.swift */; };
		52097363238438CB0051D493 /* stackRound.swift in Sources */ = {isa = PBXBuildFile; fileRef = 52097362238438CB0051D493 /* stackRound.swift */; };
		522F20912381852900968B40 /* labelRound.swift in Sources */ = {isa = PBXBuildFile; fileRef = 522F208D2381852800968B40 /* labelRound.swift */; };
		522F20922381852900968B40 /* viewRound.swift in Sources */ = {isa = PBXBuildFile; fileRef = 522F208E2381852800968B40 /* viewRound.swift */; };
		522F20932381852900968B40 /* buttonRound.swift in Sources */ = {isa = PBXBuildFile; fileRef = 522F208F2381852800968B40 /* buttonRound.swift */; };
		522F20942381852900968B40 /* imageRound.swift in Sources */ = {isa = PBXBuildFile; fileRef = 522F20902381852900968B40 /* imageRound.swift */; };
		5231F286238130FF008710C2 /* AppDelegate.swift in Sources */ = {isa = PBXBuildFile; fileRef = 5231F285238130FF008710C2 /* AppDelegate.swift */; };
		5231F288238130FF008710C2 /* SceneDelegate.swift in Sources */ = {isa = PBXBuildFile; fileRef = 5231F287238130FF008710C2 /* SceneDelegate.swift */; };
		5231F28A238130FF008710C2 /* login.swift in Sources */ = {isa = PBXBuildFile; fileRef = 5231F289238130FF008710C2 /* login.swift */; };
		5231F28D238130FF008710C2 /* Main.storyboard in Resources */ = {isa = PBXBuildFile; fileRef = 5231F28B238130FF008710C2 /* Main.storyboard */; };
		5231F28F23813107008710C2 /* Assets.xcassets in Resources */ = {isa = PBXBuildFile; fileRef = 5231F28E23813107008710C2 /* Assets.xcassets */; };
		5231F29223813107008710C2 /* LaunchScreen.storyboard in Resources */ = {isa = PBXBuildFile; fileRef = 5231F29023813107008710C2 /* LaunchScreen.storyboard */; };
		523B5398240FC6A7002B41EA /* imagesCell.swift in Sources */ = {isa = PBXBuildFile; fileRef = 523B5397240FC6A7002B41EA /* imagesCell.swift */; };
		523B539A240FD832002B41EA /* OrderApis.swift in Sources */ = {isa = PBXBuildFile; fileRef = 523B5399240FD831002B41EA /* OrderApis.swift */; };
		523B539C240FFFC4002B41EA /* CartModel.swift in Sources */ = {isa = PBXBuildFile; fileRef = 523B539B240FFFC4002B41EA /* CartModel.swift */; };
		5250058523828D8A0030462E /* Home.storyboard in Resources */ = {isa = PBXBuildFile; fileRef = 5250058423828D8A0030462E /* Home.storyboard */; };
		5250058723828DFB0030462E /* home.swift in Sources */ = {isa = PBXBuildFile; fileRef = 5250058623828DFB0030462E /* home.swift */; };
		52500589238292B30030462E /* productCell.xib in Resources */ = {isa = PBXBuildFile; fileRef = 52500588238292B30030462E /* productCell.xib */; };
		5250058B238296970030462E /* productCell.swift in Sources */ = {isa = PBXBuildFile; fileRef = 5250058A238296970030462E /* productCell.swift */; };
		5250058D238297BF0030462E /* sliderCell.swift in Sources */ = {isa = PBXBuildFile; fileRef = 5250058C238297BF0030462E /* sliderCell.swift */; };
		5250058F2382AC650030462E /* Menu.storyboard in Resources */ = {isa = PBXBuildFile; fileRef = 5250058E2382AC650030462E /* Menu.storyboard */; };
		525005922382B6CD0030462E /* categoryCell.swift in Sources */ = {isa = PBXBuildFile; fileRef = 525005912382B6CD0030462E /* categoryCell.swift */; };
		525005942382B6EE0030462E /* category.swift in Sources */ = {isa = PBXBuildFile; fileRef = 525005932382B6EE0030462E /* category.swift */; };
		525005962382DD8A0030462E /* cityCell.swift in Sources */ = {isa = PBXBuildFile; fileRef = 525005952382DD8A0030462E /* cityCell.swift */; };
		525005982382DDB70030462E /* branchCell.swift in Sources */ = {isa = PBXBuildFile; fileRef = 525005972382DDB70030462E /* branchCell.swift */; };
		5250059E2382E7680030462E /* menuMeals.swift in Sources */ = {isa = PBXBuildFile; fileRef = 5250059D2382E7680030462E /* menuMeals.swift */; };
		525AC61F23816DFB000D76E4 /* register.swift in Sources */ = {isa = PBXBuildFile; fileRef = 525AC61E23816DFB000D76E4 /* register.swift */; };
		526B0646240E6070005C6F3F /* sizesCell.swift in Sources */ = {isa = PBXBuildFile; fileRef = 526B0645240E6070005C6F3F /* sizesCell.swift */; };
		52731F6D240D353500539941 /* ContactUs.swift in Sources */ = {isa = PBXBuildFile; fileRef = 52731F6C240D353500539941 /* ContactUs.swift */; };
		52731F6F240D355B00539941 /* AboutUs.swift in Sources */ = {isa = PBXBuildFile; fileRef = 52731F6E240D355B00539941 /* AboutUs.swift */; };
		52731F71240D37C800539941 /* textViewRound.swift in Sources */ = {isa = PBXBuildFile; fileRef = 52731F70240D37C800539941 /* textViewRound.swift */; };
		528AB404238D146700FB7ABD /* myAddress.swift in Sources */ = {isa = PBXBuildFile; fileRef = 528AB403238D146700FB7ABD /* myAddress.swift */; };
		529F5F97240D51ED00327CC9 /* TextFieldIcon.swift in Sources */ = {isa = PBXBuildFile; fileRef = 529F5F96240D51ED00327CC9 /* TextFieldIcon.swift */; };
		52AED89B240FC43F00D04D71 /* ImageViewer.swift in Sources */ = {isa = PBXBuildFile; fileRef = 52AED89A240FC43F00D04D71 /* ImageViewer.swift */; };
		52BD1C7A23853048001D1F0F /* Favorites.storyboard in Resources */ = {isa = PBXBuildFile; fileRef = 52BD1C7923853048001D1F0F /* Favorites.storyboard */; };
		52BD1C7D238532CD001D1F0F /* favorites.swift in Sources */ = {isa = PBXBuildFile; fileRef = 52BD1C7C238532CD001D1F0F /* favorites.swift */; };
		52BD1C80238539B0001D1F0F /* more.swift in Sources */ = {isa = PBXBuildFile; fileRef = 52BD1C7F238539B0001D1F0F /* more.swift */; };
		52BD1C82238539CF001D1F0F /* More.storyboard in Resources */ = {isa = PBXBuildFile; fileRef = 52BD1C81238539CF001D1F0F /* More.storyboard */; };
		52CEB286240BEB23002B2621 /* URLs.swift in Sources */ = {isa = PBXBuildFile; fileRef = 52CEB285240BEB23002B2621 /* URLs.swift */; };
		52CEB288240BEB2D002B2621 /* helper.swift in Sources */ = {isa = PBXBuildFile; fileRef = 52CEB287240BEB2C002B2621 /* helper.swift */; };
		52CEB28F240BEEEF002B2621 /* AuthApi.swift in Sources */ = {isa = PBXBuildFile; fileRef = 52CEB28E240BEEEF002B2621 /* AuthApi.swift */; };
		52CEB291240BEF46002B2621 /* AuthModel.swift in Sources */ = {isa = PBXBuildFile; fileRef = 52CEB290240BEF46002B2621 /* AuthModel.swift */; };
		52CEB293240BF9BB002B2621 /* productsModel.swift in Sources */ = {isa = PBXBuildFile; fileRef = 52CEB292240BF9BB002B2621 /* productsModel.swift */; };
		52CEB295240BFA57002B2621 /* SliderApi.swift in Sources */ = {isa = PBXBuildFile; fileRef = 52CEB294240BFA56002B2621 /* SliderApi.swift */; };
		52CEB297240C01D1002B2621 /* ProductsApis.swift in Sources */ = {isa = PBXBuildFile; fileRef = 52CEB296240C01D1002B2621 /* ProductsApis.swift */; };
		52DBB71B2383D0B400C7018B /* mealDetails.swift in Sources */ = {isa = PBXBuildFile; fileRef = 52DBB71A2383D0B400C7018B /* mealDetails.swift */; };
		52DBB71D2383D3A900C7018B /* includesCell.swift in Sources */ = {isa = PBXBuildFile; fileRef = 52DBB71C2383D3A900C7018B /* includesCell.swift */; };
		52DBB722238419A900C7018B /* Order.storyboard in Resources */ = {isa = PBXBuildFile; fileRef = 52DBB721238419A900C7018B /* Order.storyboard */; };
		52E8348F23E96667009EAB83 /* Extensions.swift in Sources */ = {isa = PBXBuildFile; fileRef = 52E8348E23E96667009EAB83 /* Extensions.swift */; };
		52EC2864238A6BDE003CE5FA /* orderList.swift in Sources */ = {isa = PBXBuildFile; fileRef = 52EC2863238A6BDE003CE5FA /* orderList.swift */; };
		52EC2866238A6BF7003CE5FA /* orderDetails.swift in Sources */ = {isa = PBXBuildFile; fileRef = 52EC2865238A6BF7003CE5FA /* orderDetails.swift */; };
		52EC2868238A6C7C003CE5FA /* orderListCell.swift in Sources */ = {isa = PBXBuildFile; fileRef = 52EC2867238A6C7C003CE5FA /* orderListCell.swift */; };
		52EC286A238A6C99003CE5FA /* orderDetailsCell.swift in Sources */ = {isa = PBXBuildFile; fileRef = 52EC2869238A6C99003CE5FA /* orderDetailsCell.swift */; };
		52ED90FD2384216000F6658B /* cart.swift in Sources */ = {isa = PBXBuildFile; fileRef = 52ED90FC2384216000F6658B /* cart.swift */; };
		52ED90FF2384222700F6658B /* cartCell.swift in Sources */ = {isa = PBXBuildFile; fileRef = 52ED90FE2384222700F6658B /* cartCell.swift */; };
		52F79C8A241102A4003FFA8E /* extrasCart.swift in Sources */ = {isa = PBXBuildFile; fileRef = 52F79C89241102A4003FFA8E /* extrasCart.swift */; };
		52F79C8C2411052D003FFA8E /* extraCartCell.swift in Sources */ = {isa = PBXBuildFile; fileRef = 52F79C8B2411052D003FFA8E /* extraCartCell.swift */; };
		52F79C8F24115244003FFA8E /* BadgeButton.swift in Sources */ = {isa = PBXBuildFile; fileRef = 52F79C8E24115244003FFA8E /* BadgeButton.swift */; };
		52F79C91241161CB003FFA8E /* OrderModel.swift in Sources */ = {isa = PBXBuildFile; fileRef = 52F79C90241161CB003FFA8E /* OrderModel.swift */; };
		92296F67E83206BA64EAF57B /* Pods_Chic_Chicken.framework in Frameworks */ = {isa = PBXBuildFile; fileRef = CC6283DD18883FED78EDB3D2 /* Pods_Chic_Chicken.framework */; };
/* End PBXBuildFile section */

/* Begin PBXFileReference section */
		17500BFA3045184B21E97FF1 /* Pods-Chic Chicken.debug.xcconfig */ = {isa = PBXFileReference; includeInIndex = 1; lastKnownFileType = text.xcconfig; name = "Pods-Chic Chicken.debug.xcconfig"; path = "Target Support Files/Pods-Chic Chicken/Pods-Chic Chicken.debug.xcconfig"; sourceTree = "<group>"; };
		52092714240D3C9700169963 /* MoreApis.swift */ = {isa = PBXFileReference; lastKnownFileType = sourcecode.swift; path = MoreApis.swift; sourceTree = "<group>"; };
		52092716240D4B2C00169963 /* Profile.swift */ = {isa = PBXFileReference; lastKnownFileType = sourcecode.swift; path = Profile.swift; sourceTree = "<group>"; };
		52097360238434AC0051D493 /* CreateOrder.swift */ = {isa = PBXFileReference; lastKnownFileType = sourcecode.swift; path = CreateOrder.swift; sourceTree = "<group>"; };
		52097362238438CB0051D493 /* stackRound.swift */ = {isa = PBXFileReference; lastKnownFileType = sourcecode.swift; path = stackRound.swift; sourceTree = "<group>"; };
		522F208D2381852800968B40 /* labelRound.swift */ = {isa = PBXFileReference; fileEncoding = 4; lastKnownFileType = sourcecode.swift; path = labelRound.swift; sourceTree = "<group>"; };
		522F208E2381852800968B40 /* viewRound.swift */ = {isa = PBXFileReference; fileEncoding = 4; lastKnownFileType = sourcecode.swift; path = viewRound.swift; sourceTree = "<group>"; };
		522F208F2381852800968B40 /* buttonRound.swift */ = {isa = PBXFileReference; fileEncoding = 4; lastKnownFileType = sourcecode.swift; path = buttonRound.swift; sourceTree = "<group>"; };
		522F20902381852900968B40 /* imageRound.swift */ = {isa = PBXFileReference; fileEncoding = 4; lastKnownFileType = sourcecode.swift; path = imageRound.swift; sourceTree = "<group>"; };
		5231F282238130FF008710C2 /* Chic Chicken.app */ = {isa = PBXFileReference; explicitFileType = wrapper.application; includeInIndex = 0; path = "Chic Chicken.app"; sourceTree = BUILT_PRODUCTS_DIR; };
		5231F285238130FF008710C2 /* AppDelegate.swift */ = {isa = PBXFileReference; lastKnownFileType = sourcecode.swift; path = AppDelegate.swift; sourceTree = "<group>"; };
		5231F287238130FF008710C2 /* SceneDelegate.swift */ = {isa = PBXFileReference; lastKnownFileType = sourcecode.swift; path = SceneDelegate.swift; sourceTree = "<group>"; };
		5231F289238130FF008710C2 /* login.swift */ = {isa = PBXFileReference; lastKnownFileType = sourcecode.swift; path = login.swift; sourceTree = "<group>"; };
		5231F28C238130FF008710C2 /* Base */ = {isa = PBXFileReference; lastKnownFileType = file.storyboard; name = Base; path = Base.lproj/Main.storyboard; sourceTree = "<group>"; };
		5231F28E23813107008710C2 /* Assets.xcassets */ = {isa = PBXFileReference; lastKnownFileType = folder.assetcatalog; path = Assets.xcassets; sourceTree = "<group>"; };
		5231F29123813107008710C2 /* Base */ = {isa = PBXFileReference; lastKnownFileType = file.storyboard; name = Base; path = Base.lproj/LaunchScreen.storyboard; sourceTree = "<group>"; };
		5231F29323813107008710C2 /* Info.plist */ = {isa = PBXFileReference; lastKnownFileType = text.plist.xml; path = Info.plist; sourceTree = "<group>"; };
		523B5397240FC6A7002B41EA /* imagesCell.swift */ = {isa = PBXFileReference; lastKnownFileType = sourcecode.swift; path = imagesCell.swift; sourceTree = "<group>"; };
		523B5399240FD831002B41EA /* OrderApis.swift */ = {isa = PBXFileReference; lastKnownFileType = sourcecode.swift; path = OrderApis.swift; sourceTree = "<group>"; };
		523B539B240FFFC4002B41EA /* CartModel.swift */ = {isa = PBXFileReference; lastKnownFileType = sourcecode.swift; path = CartModel.swift; sourceTree = "<group>"; };
		5250058423828D8A0030462E /* Home.storyboard */ = {isa = PBXFileReference; lastKnownFileType = file.storyboard; path = Home.storyboard; sourceTree = "<group>"; };
		5250058623828DFB0030462E /* home.swift */ = {isa = PBXFileReference; lastKnownFileType = sourcecode.swift; path = home.swift; sourceTree = "<group>"; };
		52500588238292B30030462E /* productCell.xib */ = {isa = PBXFileReference; lastKnownFileType = file.xib; path = productCell.xib; sourceTree = "<group>"; };
		5250058A238296970030462E /* productCell.swift */ = {isa = PBXFileReference; lastKnownFileType = sourcecode.swift; path = productCell.swift; sourceTree = "<group>"; };
		5250058C238297BF0030462E /* sliderCell.swift */ = {isa = PBXFileReference; lastKnownFileType = sourcecode.swift; path = sliderCell.swift; sourceTree = "<group>"; };
		5250058E2382AC650030462E /* Menu.storyboard */ = {isa = PBXFileReference; lastKnownFileType = file.storyboard; path = Menu.storyboard; sourceTree = "<group>"; };
		525005912382B6CD0030462E /* categoryCell.swift */ = {isa = PBXFileReference; lastKnownFileType = sourcecode.swift; path = categoryCell.swift; sourceTree = "<group>"; };
		525005932382B6EE0030462E /* category.swift */ = {isa = PBXFileReference; lastKnownFileType = sourcecode.swift; path = category.swift; sourceTree = "<group>"; };
		525005952382DD8A0030462E /* cityCell.swift */ = {isa = PBXFileReference; lastKnownFileType = sourcecode.swift; path = cityCell.swift; sourceTree = "<group>"; };
		525005972382DDB70030462E /* branchCell.swift */ = {isa = PBXFileReference; lastKnownFileType = sourcecode.swift; path = branchCell.swift; sourceTree = "<group>"; };
		5250059D2382E7680030462E /* menuMeals.swift */ = {isa = PBXFileReference; lastKnownFileType = sourcecode.swift; path = menuMeals.swift; sourceTree = "<group>"; };
		525AC61E23816DFB000D76E4 /* register.swift */ = {isa = PBXFileReference; lastKnownFileType = sourcecode.swift; path = register.swift; sourceTree = "<group>"; };
		526B0645240E6070005C6F3F /* sizesCell.swift */ = {isa = PBXFileReference; lastKnownFileType = sourcecode.swift; path = sizesCell.swift; sourceTree = "<group>"; };
		52731F6C240D353500539941 /* ContactUs.swift */ = {isa = PBXFileReference; lastKnownFileType = sourcecode.swift; path = ContactUs.swift; sourceTree = "<group>"; };
		52731F6E240D355B00539941 /* AboutUs.swift */ = {isa = PBXFileReference; lastKnownFileType = sourcecode.swift; path = AboutUs.swift; sourceTree = "<group>"; };
		52731F70240D37C800539941 /* textViewRound.swift */ = {isa = PBXFileReference; lastKnownFileType = sourcecode.swift; path = textViewRound.swift; sourceTree = "<group>"; };
		528AB403238D146700FB7ABD /* myAddress.swift */ = {isa = PBXFileReference; lastKnownFileType = sourcecode.swift; path = myAddress.swift; sourceTree = "<group>"; };
		529F5F96240D51ED00327CC9 /* TextFieldIcon.swift */ = {isa = PBXFileReference; lastKnownFileType = sourcecode.swift; path = TextFieldIcon.swift; sourceTree = "<group>"; };
		52AED89A240FC43F00D04D71 /* ImageViewer.swift */ = {isa = PBXFileReference; lastKnownFileType = sourcecode.swift; path = ImageViewer.swift; sourceTree = "<group>"; };
		52BD1C7923853048001D1F0F /* Favorites.storyboard */ = {isa = PBXFileReference; lastKnownFileType = file.storyboard; path = Favorites.storyboard; sourceTree = "<group>"; };
		52BD1C7C238532CD001D1F0F /* favorites.swift */ = {isa = PBXFileReference; lastKnownFileType = sourcecode.swift; path = favorites.swift; sourceTree = "<group>"; };
		52BD1C7F238539B0001D1F0F /* more.swift */ = {isa = PBXFileReference; lastKnownFileType = sourcecode.swift; path = more.swift; sourceTree = "<group>"; };
		52BD1C81238539CF001D1F0F /* More.storyboard */ = {isa = PBXFileReference; lastKnownFileType = file.storyboard; path = More.storyboard; sourceTree = "<group>"; };
		52CEB285240BEB23002B2621 /* URLs.swift */ = {isa = PBXFileReference; fileEncoding = 4; lastKnownFileType = sourcecode.swift; path = URLs.swift; sourceTree = "<group>"; };
		52CEB287240BEB2C002B2621 /* helper.swift */ = {isa = PBXFileReference; fileEncoding = 4; lastKnownFileType = sourcecode.swift; path = helper.swift; sourceTree = "<group>"; };
		52CEB28E240BEEEF002B2621 /* AuthApi.swift */ = {isa = PBXFileReference; lastKnownFileType = sourcecode.swift; path = AuthApi.swift; sourceTree = "<group>"; };
		52CEB290240BEF46002B2621 /* AuthModel.swift */ = {isa = PBXFileReference; lastKnownFileType = sourcecode.swift; path = AuthModel.swift; sourceTree = "<group>"; };
		52CEB292240BF9BB002B2621 /* productsModel.swift */ = {isa = PBXFileReference; lastKnownFileType = sourcecode.swift; path = productsModel.swift; sourceTree = "<group>"; };
		52CEB294240BFA56002B2621 /* SliderApi.swift */ = {isa = PBXFileReference; lastKnownFileType = sourcecode.swift; path = SliderApi.swift; sourceTree = "<group>"; };
		52CEB296240C01D1002B2621 /* ProductsApis.swift */ = {isa = PBXFileReference; lastKnownFileType = sourcecode.swift; path = ProductsApis.swift; sourceTree = "<group>"; };
		52DBB71A2383D0B400C7018B /* mealDetails.swift */ = {isa = PBXFileReference; lastKnownFileType = sourcecode.swift; path = mealDetails.swift; sourceTree = "<group>"; };
		52DBB71C2383D3A900C7018B /* includesCell.swift */ = {isa = PBXFileReference; lastKnownFileType = sourcecode.swift; path = includesCell.swift; sourceTree = "<group>"; };
		52DBB721238419A900C7018B /* Order.storyboard */ = {isa = PBXFileReference; lastKnownFileType = file.storyboard; path = Order.storyboard; sourceTree = "<group>"; };
		52E8348E23E96667009EAB83 /* Extensions.swift */ = {isa = PBXFileReference; lastKnownFileType = sourcecode.swift; path = Extensions.swift; sourceTree = "<group>"; };
		52EC2863238A6BDE003CE5FA /* orderList.swift */ = {isa = PBXFileReference; lastKnownFileType = sourcecode.swift; path = orderList.swift; sourceTree = "<group>"; };
		52EC2865238A6BF7003CE5FA /* orderDetails.swift */ = {isa = PBXFileReference; lastKnownFileType = sourcecode.swift; path = orderDetails.swift; sourceTree = "<group>"; };
		52EC2867238A6C7C003CE5FA /* orderListCell.swift */ = {isa = PBXFileReference; lastKnownFileType = sourcecode.swift; path = orderListCell.swift; sourceTree = "<group>"; };
		52EC2869238A6C99003CE5FA /* orderDetailsCell.swift */ = {isa = PBXFileReference; lastKnownFileType = sourcecode.swift; path = orderDetailsCell.swift; sourceTree = "<group>"; };
		52ED90FC2384216000F6658B /* cart.swift */ = {isa = PBXFileReference; lastKnownFileType = sourcecode.swift; path = cart.swift; sourceTree = "<group>"; };
		52ED90FE2384222700F6658B /* cartCell.swift */ = {isa = PBXFileReference; lastKnownFileType = sourcecode.swift; path = cartCell.swift; sourceTree = "<group>"; };
		52F79C89241102A4003FFA8E /* extrasCart.swift */ = {isa = PBXFileReference; lastKnownFileType = sourcecode.swift; path = extrasCart.swift; sourceTree = "<group>"; };
		52F79C8B2411052D003FFA8E /* extraCartCell.swift */ = {isa = PBXFileReference; lastKnownFileType = sourcecode.swift; path = extraCartCell.swift; sourceTree = "<group>"; };
		52F79C8E24115244003FFA8E /* BadgeButton.swift */ = {isa = PBXFileReference; lastKnownFileType = sourcecode.swift; path = BadgeButton.swift; sourceTree = "<group>"; };
		52F79C90241161CB003FFA8E /* OrderModel.swift */ = {isa = PBXFileReference; lastKnownFileType = sourcecode.swift; path = OrderModel.swift; sourceTree = "<group>"; };
		71873838A8C99E38B3F5C122 /* Pods-Chic Chicken.release.xcconfig */ = {isa = PBXFileReference; includeInIndex = 1; lastKnownFileType = text.xcconfig; name = "Pods-Chic Chicken.release.xcconfig"; path = "Target Support Files/Pods-Chic Chicken/Pods-Chic Chicken.release.xcconfig"; sourceTree = "<group>"; };
		CC6283DD18883FED78EDB3D2 /* Pods_Chic_Chicken.framework */ = {isa = PBXFileReference; explicitFileType = wrapper.framework; includeInIndex = 0; path = Pods_Chic_Chicken.framework; sourceTree = BUILT_PRODUCTS_DIR; };
/* End PBXFileReference section */

/* Begin PBXFrameworksBuildPhase section */
		5231F27F238130FF008710C2 /* Frameworks */ = {
			isa = PBXFrameworksBuildPhase;
			buildActionMask = 2147483647;
			files = (
				92296F67E83206BA64EAF57B /* Pods_Chic_Chicken.framework in Frameworks */,
			);
			runOnlyForDeploymentPostprocessing = 0;
		};
/* End PBXFrameworksBuildPhase section */

/* Begin PBXGroup section */
		5231F279238130FF008710C2 = {
			isa = PBXGroup;
			children = (
				5231F284238130FF008710C2 /* Chic Chicken */,
				5231F283238130FF008710C2 /* Products */,
				FD856D740BF6681FD79DEEAA /* Pods */,
				9F82CC3C7D37AD0FA4FE224D /* Frameworks */,
			);
			sourceTree = "<group>";
		};
		5231F283238130FF008710C2 /* Products */ = {
			isa = PBXGroup;
			children = (
				5231F282238130FF008710C2 /* Chic Chicken.app */,
			);
			name = Products;
			sourceTree = "<group>";
		};
		5231F284238130FF008710C2 /* Chic Chicken */ = {
			isa = PBXGroup;
			children = (
				525AC61523816C35000D76E4 /* Utilities */,
				525AC61723816D69000D76E4 /* Model */,
				525AC61823816D75000D76E4 /* View */,
				52CEB289240BECED002B2621 /* ViewModel */,
				5231F29323813107008710C2 /* Info.plist */,
			);
			path = "Chic Chicken";
			sourceTree = "<group>";
		};
		525005902382B61A0030462E /* Menu */ = {
			isa = PBXGroup;
			children = (
				525005932382B6EE0030462E /* category.swift */,
				5250059D2382E7680030462E /* menuMeals.swift */,
			);
			path = Menu;
			sourceTree = "<group>";
		};
		525AC61523816C35000D76E4 /* Utilities */ = {
			isa = PBXGroup;
			children = (
				5231F285238130FF008710C2 /* AppDelegate.swift */,
				5231F287238130FF008710C2 /* SceneDelegate.swift */,
				5231F28E23813107008710C2 /* Assets.xcassets */,
				52E8348E23E96667009EAB83 /* Extensions.swift */,
				52CEB285240BEB23002B2621 /* URLs.swift */,
				52CEB287240BEB2C002B2621 /* helper.swift */,
			);
			path = Utilities;
			sourceTree = "<group>";
		};
		525AC61623816D55000D76E4 /* ViewController */ = {
			isa = PBXGroup;
			children = (
				525AC61C23816DA7000D76E4 /* Auth */,
				525AC61D23816DAD000D76E4 /* Home */,
				525005902382B61A0030462E /* Menu */,
				52DBB7202384198D00C7018B /* Order */,
				52BD1C7B238532B1001D1F0F /* Favorite */,
				52BD1C7E23853992001D1F0F /* More */,
			);
			path = ViewController;
			sourceTree = "<group>";
		};
		525AC61723816D69000D76E4 /* Model */ = {
			isa = PBXGroup;
			children = (
				52CEB28B240BED1E002B2621 /* APIs */,
				52CEB28A240BED15002B2621 /* DataModel */,
			);
			path = Model;
			sourceTree = "<group>";
		};
		525AC61823816D75000D76E4 /* View */ = {
			isa = PBXGroup;
			children = (
				525AC61923816D7E000D76E4 /* UI */,
				525AC61623816D55000D76E4 /* ViewController */,
				52CEB28C240BED6E002B2621 /* CollectionViewCells */,
				52CEB28D240BED7D002B2621 /* TableViewCells */,
				525AC61B23816D8E000D76E4 /* Rounds */,
				52F79C8E24115244003FFA8E /* BadgeButton.swift */,
			);
			path = View;
			sourceTree = "<group>";
		};
		525AC61923816D7E000D76E4 /* UI */ = {
			isa = PBXGroup;
			children = (
				5231F29023813107008710C2 /* LaunchScreen.storyboard */,
				52500588238292B30030462E /* productCell.xib */,
				5231F28B238130FF008710C2 /* Main.storyboard */,
				5250058423828D8A0030462E /* Home.storyboard */,
				5250058E2382AC650030462E /* Menu.storyboard */,
				52DBB721238419A900C7018B /* Order.storyboard */,
				52BD1C7923853048001D1F0F /* Favorites.storyboard */,
				52BD1C81238539CF001D1F0F /* More.storyboard */,
			);
			path = UI;
			sourceTree = "<group>";
		};
		525AC61B23816D8E000D76E4 /* Rounds */ = {
			isa = PBXGroup;
			children = (
				522F208F2381852800968B40 /* buttonRound.swift */,
				522F20902381852900968B40 /* imageRound.swift */,
				522F208D2381852800968B40 /* labelRound.swift */,
				52097362238438CB0051D493 /* stackRound.swift */,
				522F208E2381852800968B40 /* viewRound.swift */,
				52731F70240D37C800539941 /* textViewRound.swift */,
				529F5F96240D51ED00327CC9 /* TextFieldIcon.swift */,
			);
			path = Rounds;
			sourceTree = "<group>";
		};
		525AC61C23816DA7000D76E4 /* Auth */ = {
			isa = PBXGroup;
			children = (
				5231F289238130FF008710C2 /* login.swift */,
				525AC61E23816DFB000D76E4 /* register.swift */,
			);
			path = Auth;
			sourceTree = "<group>";
		};
		525AC61D23816DAD000D76E4 /* Home */ = {
			isa = PBXGroup;
			children = (
				5250058623828DFB0030462E /* home.swift */,
				52DBB71A2383D0B400C7018B /* mealDetails.swift */,
				52AED89A240FC43F00D04D71 /* ImageViewer.swift */,
			);
			path = Home;
			sourceTree = "<group>";
		};
		52BD1C7B238532B1001D1F0F /* Favorite */ = {
			isa = PBXGroup;
			children = (
				52BD1C7C238532CD001D1F0F /* favorites.swift */,
			);
			path = Favorite;
			sourceTree = "<group>";
		};
		52BD1C7E23853992001D1F0F /* More */ = {
			isa = PBXGroup;
			children = (
				52BD1C7F238539B0001D1F0F /* more.swift */,
				52092716240D4B2C00169963 /* Profile.swift */,
				528AB403238D146700FB7ABD /* myAddress.swift */,
				52731F6C240D353500539941 /* ContactUs.swift */,
				52731F6E240D355B00539941 /* AboutUs.swift */,
			);
			path = More;
			sourceTree = "<group>";
		};
		52CEB289240BECED002B2621 /* ViewModel */ = {
			isa = PBXGroup;
			children = (
			);
			path = ViewModel;
			sourceTree = "<group>";
		};
		52CEB28A240BED15002B2621 /* DataModel */ = {
			isa = PBXGroup;
			children = (
				52CEB290240BEF46002B2621 /* AuthModel.swift */,
				52CEB292240BF9BB002B2621 /* productsModel.swift */,
				523B539B240FFFC4002B41EA /* CartModel.swift */,
				52F79C90241161CB003FFA8E /* OrderModel.swift */,
			);
			path = DataModel;
			sourceTree = "<group>";
		};
		52CEB28B240BED1E002B2621 /* APIs */ = {
			isa = PBXGroup;
			children = (
				52CEB28E240BEEEF002B2621 /* AuthApi.swift */,
				52CEB294240BFA56002B2621 /* SliderApi.swift */,
				52CEB296240C01D1002B2621 /* ProductsApis.swift */,
				523B5399240FD831002B41EA /* OrderApis.swift */,
				52092714240D3C9700169963 /* MoreApis.swift */,
			);
			path = APIs;
			sourceTree = "<group>";
		};
		52CEB28C240BED6E002B2621 /* CollectionViewCells */ = {
			isa = PBXGroup;
			children = (
				5250058C238297BF0030462E /* sliderCell.swift */,
				5250058A238296970030462E /* productCell.swift */,
				525005912382B6CD0030462E /* categoryCell.swift */,
				526B0645240E6070005C6F3F /* sizesCell.swift */,
				523B5397240FC6A7002B41EA /* imagesCell.swift */,
			);
			path = CollectionViewCells;
			sourceTree = "<group>";
		};
		52CEB28D240BED7D002B2621 /* TableViewCells */ = {
			isa = PBXGroup;
			children = (
				525005952382DD8A0030462E /* cityCell.swift */,
				525005972382DDB70030462E /* branchCell.swift */,
				52DBB71C2383D3A900C7018B /* includesCell.swift */,
				52ED90FE2384222700F6658B /* cartCell.swift */,
				52F79C8B2411052D003FFA8E /* extraCartCell.swift */,
				52EC2867238A6C7C003CE5FA /* orderListCell.swift */,
				52EC2869238A6C99003CE5FA /* orderDetailsCell.swift */,
			);
			path = TableViewCells;
			sourceTree = "<group>";
		};
		52DBB7202384198D00C7018B /* Order */ = {
			isa = PBXGroup;
			children = (
				52ED90FC2384216000F6658B /* cart.swift */,
				52097360238434AC0051D493 /* CreateOrder.swift */,
				52EC2863238A6BDE003CE5FA /* orderList.swift */,
				52EC2865238A6BF7003CE5FA /* orderDetails.swift */,
				52F79C89241102A4003FFA8E /* extrasCart.swift */,
			);
			path = Order;
			sourceTree = "<group>";
		};
		9F82CC3C7D37AD0FA4FE224D /* Frameworks */ = {
			isa = PBXGroup;
			children = (
				CC6283DD18883FED78EDB3D2 /* Pods_Chic_Chicken.framework */,
			);
			name = Frameworks;
			sourceTree = "<group>";
		};
		FD856D740BF6681FD79DEEAA /* Pods */ = {
			isa = PBXGroup;
			children = (
				17500BFA3045184B21E97FF1 /* Pods-Chic Chicken.debug.xcconfig */,
				71873838A8C99E38B3F5C122 /* Pods-Chic Chicken.release.xcconfig */,
			);
			path = Pods;
			sourceTree = "<group>";
		};
/* End PBXGroup section */

/* Begin PBXNativeTarget section */
		5231F281238130FF008710C2 /* Chic Chicken */ = {
			isa = PBXNativeTarget;
			buildConfigurationList = 5231F29623813107008710C2 /* Build configuration list for PBXNativeTarget "Chic Chicken" */;
			buildPhases = (
				3D2BA8C1BB42E582BC4424DF /* [CP] Check Pods Manifest.lock */,
				5231F27E238130FF008710C2 /* Sources */,
				5231F27F238130FF008710C2 /* Frameworks */,
				5231F280238130FF008710C2 /* Resources */,
				4D1243723EE4CC230EFAB611 /* [CP] Embed Pods Frameworks */,
			);
			buildRules = (
			);
			dependencies = (
			);
			name = "Chic Chicken";
			productName = "Chic Chicken";
			productReference = 5231F282238130FF008710C2 /* Chic Chicken.app */;
			productType = "com.apple.product-type.application";
		};
/* End PBXNativeTarget section */

/* Begin PBXProject section */
		5231F27A238130FF008710C2 /* Project object */ = {
			isa = PBXProject;
			attributes = {
				LastSwiftUpdateCheck = 1100;
				LastUpgradeCheck = 1100;
				ORGANIZATIONNAME = Tariq;
				TargetAttributes = {
					5231F281238130FF008710C2 = {
						CreatedOnToolsVersion = 11.0;
					};
				};
			};
			buildConfigurationList = 5231F27D238130FF008710C2 /* Build configuration list for PBXProject "Chic Chicken" */;
			compatibilityVersion = "Xcode 9.3";
			developmentRegion = en;
			hasScannedForEncodings = 0;
			knownRegions = (
				en,
				Base,
			);
			mainGroup = 5231F279238130FF008710C2;
			productRefGroup = 5231F283238130FF008710C2 /* Products */;
			projectDirPath = "";
			projectRoot = "";
			targets = (
				5231F281238130FF008710C2 /* Chic Chicken */,
			);
		};
/* End PBXProject section */

/* Begin PBXResourcesBuildPhase section */
		5231F280238130FF008710C2 /* Resources */ = {
			isa = PBXResourcesBuildPhase;
			buildActionMask = 2147483647;
			files = (
				52500589238292B30030462E /* productCell.xib in Resources */,
				52BD1C82238539CF001D1F0F /* More.storyboard in Resources */,
				5231F29223813107008710C2 /* LaunchScreen.storyboard in Resources */,
				5231F28F23813107008710C2 /* Assets.xcassets in Resources */,
				5231F28D238130FF008710C2 /* Main.storyboard in Resources */,
				52DBB722238419A900C7018B /* Order.storyboard in Resources */,
				5250058523828D8A0030462E /* Home.storyboard in Resources */,
				52BD1C7A23853048001D1F0F /* Favorites.storyboard in Resources */,
				5250058F2382AC650030462E /* Menu.storyboard in Resources */,
			);
			runOnlyForDeploymentPostprocessing = 0;
		};
/* End PBXResourcesBuildPhase section */

/* Begin PBXShellScriptBuildPhase section */
		3D2BA8C1BB42E582BC4424DF /* [CP] Check Pods Manifest.lock */ = {
			isa = PBXShellScriptBuildPhase;
			buildActionMask = 2147483647;
			files = (
			);
			inputFileListPaths = (
			);
			inputPaths = (
				"${PODS_PODFILE_DIR_PATH}/Podfile.lock",
				"${PODS_ROOT}/Manifest.lock",
			);
			name = "[CP] Check Pods Manifest.lock";
			outputFileListPaths = (
			);
			outputPaths = (
				"$(DERIVED_FILE_DIR)/Pods-Chic Chicken-checkManifestLockResult.txt",
			);
			runOnlyForDeploymentPostprocessing = 0;
			shellPath = /bin/sh;
			shellScript = "diff \"${PODS_PODFILE_DIR_PATH}/Podfile.lock\" \"${PODS_ROOT}/Manifest.lock\" > /dev/null\nif [ $? != 0 ] ; then\n    # print error to STDERR\n    echo \"error: The sandbox is not in sync with the Podfile.lock. Run 'pod install' or update your CocoaPods installation.\" >&2\n    exit 1\nfi\n# This output is used by Xcode 'outputs' to avoid re-running this script phase.\necho \"SUCCESS\" > \"${SCRIPT_OUTPUT_FILE_0}\"\n";
			showEnvVarsInLog = 0;
		};
		4D1243723EE4CC230EFAB611 /* [CP] Embed Pods Frameworks */ = {
			isa = PBXShellScriptBuildPhase;
			buildActionMask = 2147483647;
			files = (
			);
			inputFileListPaths = (
				"${PODS_ROOT}/Target Support Files/Pods-Chic Chicken/Pods-Chic Chicken-frameworks-${CONFIGURATION}-input-files.xcfilelist",
			);
			name = "[CP] Embed Pods Frameworks";
			outputFileListPaths = (
				"${PODS_ROOT}/Target Support Files/Pods-Chic Chicken/Pods-Chic Chicken-frameworks-${CONFIGURATION}-output-files.xcfilelist",
			);
			runOnlyForDeploymentPostprocessing = 0;
			shellPath = /bin/sh;
			shellScript = "\"${PODS_ROOT}/Target Support Files/Pods-Chic Chicken/Pods-Chic Chicken-frameworks.sh\"\n";
			showEnvVarsInLog = 0;
		};
/* End PBXShellScriptBuildPhase section */

/* Begin PBXSourcesBuildPhase section */
		5231F27E238130FF008710C2 /* Sources */ = {
			isa = PBXSourcesBuildPhase;
			buildActionMask = 2147483647;
			files = (
				523B5398240FC6A7002B41EA /* imagesCell.swift in Sources */,
				52731F6F240D355B00539941 /* AboutUs.swift in Sources */,
				52092717240D4B2C00169963 /* Profile.swift in Sources */,
				522F20912381852900968B40 /* labelRound.swift in Sources */,
				523B539C240FFFC4002B41EA /* CartModel.swift in Sources */,
				5231F28A238130FF008710C2 /* login.swift in Sources */,
				5231F286238130FF008710C2 /* AppDelegate.swift in Sources */,
				52EC2868238A6C7C003CE5FA /* orderListCell.swift in Sources */,
				522F20932381852900968B40 /* buttonRound.swift in Sources */,
				52DBB71B2383D0B400C7018B /* mealDetails.swift in Sources */,
				52CEB28F240BEEEF002B2621 /* AuthApi.swift in Sources */,
				525005982382DDB70030462E /* branchCell.swift in Sources */,
				522F20922381852900968B40 /* viewRound.swift in Sources */,
				5250058D238297BF0030462E /* sliderCell.swift in Sources */,
				52ED90FD2384216000F6658B /* cart.swift in Sources */,
				52AED89B240FC43F00D04D71 /* ImageViewer.swift in Sources */,
				52F79C91241161CB003FFA8E /* OrderModel.swift in Sources */,
				52097363238438CB0051D493 /* stackRound.swift in Sources */,
				52BD1C7D238532CD001D1F0F /* favorites.swift in Sources */,
				52BD1C80238539B0001D1F0F /* more.swift in Sources */,
				52CEB288240BEB2D002B2621 /* helper.swift in Sources */,
				52EC2864238A6BDE003CE5FA /* orderList.swift in Sources */,
				525005962382DD8A0030462E /* cityCell.swift in Sources */,
				52CEB286240BEB23002B2621 /* URLs.swift in Sources */,
				52EC286A238A6C99003CE5FA /* orderDetailsCell.swift in Sources */,
				52F79C8F24115244003FFA8E /* BadgeButton.swift in Sources */,
				52E8348F23E96667009EAB83 /* Extensions.swift in Sources */,
				52F79C8A241102A4003FFA8E /* extrasCart.swift in Sources */,
				525AC61F23816DFB000D76E4 /* register.swift in Sources */,
				52092715240D3C9700169963 /* MoreApis.swift in Sources */,
				523B539A240FD832002B41EA /* OrderApis.swift in Sources */,
				528AB404238D146700FB7ABD /* myAddress.swift in Sources */,
				5250059E2382E7680030462E /* menuMeals.swift in Sources */,
				5250058723828DFB0030462E /* home.swift in Sources */,
				52CEB291240BEF46002B2621 /* AuthModel.swift in Sources */,
				5250058B238296970030462E /* productCell.swift in Sources */,
				522F20942381852900968B40 /* imageRound.swift in Sources */,
				529F5F97240D51ED00327CC9 /* TextFieldIcon.swift in Sources */,
				52CEB293240BF9BB002B2621 /* productsModel.swift in Sources */,
				52731F6D240D353500539941 /* ContactUs.swift in Sources */,
				52F79C8C2411052D003FFA8E /* extraCartCell.swift in Sources */,
				52731F71240D37C800539941 /* textViewRound.swift in Sources */,
				52DBB71D2383D3A900C7018B /* includesCell.swift in Sources */,
				52CEB295240BFA57002B2621 /* SliderApi.swift in Sources */,
				525005942382B6EE0030462E /* category.swift in Sources */,
				52097361238434AC0051D493 /* CreateOrder.swift in Sources */,
				526B0646240E6070005C6F3F /* sizesCell.swift in Sources */,
				5231F288238130FF008710C2 /* SceneDelegate.swift in Sources */,
				52CEB297240C01D1002B2621 /* ProductsApis.swift in Sources */,
				52EC2866238A6BF7003CE5FA /* orderDetails.swift in Sources */,
				525005922382B6CD0030462E /* categoryCell.swift in Sources */,
				52ED90FF2384222700F6658B /* cartCell.swift in Sources */,
			);
			runOnlyForDeploymentPostprocessing = 0;
		};
/* End PBXSourcesBuildPhase section */

/* Begin PBXVariantGroup section */
		5231F28B238130FF008710C2 /* Main.storyboard */ = {
			isa = PBXVariantGroup;
			children = (
				5231F28C238130FF008710C2 /* Base */,
			);
			name = Main.storyboard;
			sourceTree = "<group>";
		};
		5231F29023813107008710C2 /* LaunchScreen.storyboard */ = {
			isa = PBXVariantGroup;
			children = (
				5231F29123813107008710C2 /* Base */,
			);
			name = LaunchScreen.storyboard;
			sourceTree = "<group>";
		};
/* End PBXVariantGroup section */

/* Begin XCBuildConfiguration section */
		5231F29423813107008710C2 /* Debug */ = {
			isa = XCBuildConfiguration;
			buildSettings = {
				ALWAYS_SEARCH_USER_PATHS = NO;
				CLANG_ANALYZER_NONNULL = YES;
				CLANG_ANALYZER_NUMBER_OBJECT_CONVERSION = YES_AGGRESSIVE;
				CLANG_CXX_LANGUAGE_STANDARD = "gnu++14";
				CLANG_CXX_LIBRARY = "libc++";
				CLANG_ENABLE_MODULES = YES;
				CLANG_ENABLE_OBJC_ARC = YES;
				CLANG_ENABLE_OBJC_WEAK = YES;
				CLANG_WARN_BLOCK_CAPTURE_AUTORELEASING = YES;
				CLANG_WARN_BOOL_CONVERSION = YES;
				CLANG_WARN_COMMA = YES;
				CLANG_WARN_CONSTANT_CONVERSION = YES;
				CLANG_WARN_DEPRECATED_OBJC_IMPLEMENTATIONS = YES;
				CLANG_WARN_DIRECT_OBJC_ISA_USAGE = YES_ERROR;
				CLANG_WARN_DOCUMENTATION_COMMENTS = YES;
				CLANG_WARN_EMPTY_BODY = YES;
				CLANG_WARN_ENUM_CONVERSION = YES;
				CLANG_WARN_INFINITE_RECURSION = YES;
				CLANG_WARN_INT_CONVERSION = YES;
				CLANG_WARN_NON_LITERAL_NULL_CONVERSION = YES;
				CLANG_WARN_OBJC_IMPLICIT_RETAIN_SELF = YES;
				CLANG_WARN_OBJC_LITERAL_CONVERSION = YES;
				CLANG_WARN_OBJC_ROOT_CLASS = YES_ERROR;
				CLANG_WARN_RANGE_LOOP_ANALYSIS = YES;
				CLANG_WARN_STRICT_PROTOTYPES = YES;
				CLANG_WARN_SUSPICIOUS_MOVE = YES;
				CLANG_WARN_UNGUARDED_AVAILABILITY = YES_AGGRESSIVE;
				CLANG_WARN_UNREACHABLE_CODE = YES;
				CLANG_WARN__DUPLICATE_METHOD_MATCH = YES;
				COPY_PHASE_STRIP = NO;
				DEBUG_INFORMATION_FORMAT = dwarf;
				ENABLE_STRICT_OBJC_MSGSEND = YES;
				ENABLE_TESTABILITY = YES;
				GCC_C_LANGUAGE_STANDARD = gnu11;
				GCC_DYNAMIC_NO_PIC = NO;
				GCC_NO_COMMON_BLOCKS = YES;
				GCC_OPTIMIZATION_LEVEL = 0;
				GCC_PREPROCESSOR_DEFINITIONS = (
					"DEBUG=1",
					"$(inherited)",
				);
				GCC_WARN_64_TO_32_BIT_CONVERSION = YES;
				GCC_WARN_ABOUT_RETURN_TYPE = YES_ERROR;
				GCC_WARN_UNDECLARED_SELECTOR = YES;
				GCC_WARN_UNINITIALIZED_AUTOS = YES_AGGRESSIVE;
				GCC_WARN_UNUSED_FUNCTION = YES;
				GCC_WARN_UNUSED_VARIABLE = YES;
				IPHONEOS_DEPLOYMENT_TARGET = 13.0;
				MTL_ENABLE_DEBUG_INFO = INCLUDE_SOURCE;
				MTL_FAST_MATH = YES;
				ONLY_ACTIVE_ARCH = YES;
				SDKROOT = iphoneos;
				SWIFT_ACTIVE_COMPILATION_CONDITIONS = DEBUG;
				SWIFT_OPTIMIZATION_LEVEL = "-Onone";
			};
			name = Debug;
		};
		5231F29523813107008710C2 /* Release */ = {
			isa = XCBuildConfiguration;
			buildSettings = {
				ALWAYS_SEARCH_USER_PATHS = NO;
				CLANG_ANALYZER_NONNULL = YES;
				CLANG_ANALYZER_NUMBER_OBJECT_CONVERSION = YES_AGGRESSIVE;
				CLANG_CXX_LANGUAGE_STANDARD = "gnu++14";
				CLANG_CXX_LIBRARY = "libc++";
				CLANG_ENABLE_MODULES = YES;
				CLANG_ENABLE_OBJC_ARC = YES;
				CLANG_ENABLE_OBJC_WEAK = YES;
				CLANG_WARN_BLOCK_CAPTURE_AUTORELEASING = YES;
				CLANG_WARN_BOOL_CONVERSION = YES;
				CLANG_WARN_COMMA = YES;
				CLANG_WARN_CONSTANT_CONVERSION = YES;
				CLANG_WARN_DEPRECATED_OBJC_IMPLEMENTATIONS = YES;
				CLANG_WARN_DIRECT_OBJC_ISA_USAGE = YES_ERROR;
				CLANG_WARN_DOCUMENTATION_COMMENTS = YES;
				CLANG_WARN_EMPTY_BODY = YES;
				CLANG_WARN_ENUM_CONVERSION = YES;
				CLANG_WARN_INFINITE_RECURSION = YES;
				CLANG_WARN_INT_CONVERSION = YES;
				CLANG_WARN_NON_LITERAL_NULL_CONVERSION = YES;
				CLANG_WARN_OBJC_IMPLICIT_RETAIN_SELF = YES;
				CLANG_WARN_OBJC_LITERAL_CONVERSION = YES;
				CLANG_WARN_OBJC_ROOT_CLASS = YES_ERROR;
				CLANG_WARN_RANGE_LOOP_ANALYSIS = YES;
				CLANG_WARN_STRICT_PROTOTYPES = YES;
				CLANG_WARN_SUSPICIOUS_MOVE = YES;
				CLANG_WARN_UNGUARDED_AVAILABILITY = YES_AGGRESSIVE;
				CLANG_WARN_UNREACHABLE_CODE = YES;
				CLANG_WARN__DUPLICATE_METHOD_MATCH = YES;
				COPY_PHASE_STRIP = NO;
				DEBUG_INFORMATION_FORMAT = "dwarf-with-dsym";
				ENABLE_NS_ASSERTIONS = NO;
				ENABLE_STRICT_OBJC_MSGSEND = YES;
				GCC_C_LANGUAGE_STANDARD = gnu11;
				GCC_NO_COMMON_BLOCKS = YES;
				GCC_WARN_64_TO_32_BIT_CONVERSION = YES;
				GCC_WARN_ABOUT_RETURN_TYPE = YES_ERROR;
				GCC_WARN_UNDECLARED_SELECTOR = YES;
				GCC_WARN_UNINITIALIZED_AUTOS = YES_AGGRESSIVE;
				GCC_WARN_UNUSED_FUNCTION = YES;
				GCC_WARN_UNUSED_VARIABLE = YES;
				IPHONEOS_DEPLOYMENT_TARGET = 13.0;
				MTL_ENABLE_DEBUG_INFO = NO;
				MTL_FAST_MATH = YES;
				SDKROOT = iphoneos;
				SWIFT_COMPILATION_MODE = wholemodule;
				SWIFT_OPTIMIZATION_LEVEL = "-O";
				VALIDATE_PRODUCT = YES;
			};
			name = Release;
		};
		5231F29723813107008710C2 /* Debug */ = {
			isa = XCBuildConfiguration;
			baseConfigurationReference = 17500BFA3045184B21E97FF1 /* Pods-Chic Chicken.debug.xcconfig */;
			buildSettings = {
				ASSETCATALOG_COMPILER_APPICON_NAME = AppIcon;
				CODE_SIGN_STYLE = Automatic;
				DEVELOPMENT_TEAM = 4Z34DQ34UQ;
				INFOPLIST_FILE = "Chic Chicken/Info.plist";
				IPHONEOS_DEPLOYMENT_TARGET = 12.0;
				LD_RUNPATH_SEARCH_PATHS = (
					"$(inherited)",
					"@executable_path/Frameworks",
				);
				PRODUCT_BUNDLE_IDENTIFIER = "tariq.Chic-Chicken";
				PRODUCT_NAME = "$(TARGET_NAME)";
				SWIFT_VERSION = 5.0;
				TARGETED_DEVICE_FAMILY = 1;
			};
			name = Debug;
		};
		5231F29823813107008710C2 /* Release */ = {
			isa = XCBuildConfiguration;
			baseConfigurationReference = 71873838A8C99E38B3F5C122 /* Pods-Chic Chicken.release.xcconfig */;
			buildSettings = {
				ASSETCATALOG_COMPILER_APPICON_NAME = AppIcon;
				CODE_SIGN_STYLE = Automatic;
				DEVELOPMENT_TEAM = 4Z34DQ34UQ;
				INFOPLIST_FILE = "Chic Chicken/Info.plist";
				IPHONEOS_DEPLOYMENT_TARGET = 12.0;
				LD_RUNPATH_SEARCH_PATHS = (
					"$(inherited)",
					"@executable_path/Frameworks",
				);
				PRODUCT_BUNDLE_IDENTIFIER = "tariq.Chic-Chicken";
				PRODUCT_NAME = "$(TARGET_NAME)";
				SWIFT_VERSION = 5.0;
				TARGETED_DEVICE_FAMILY = 1;
			};
			name = Release;
		};
/* End XCBuildConfiguration section */

/* Begin XCConfigurationList section */
		5231F27D238130FF008710C2 /* Build configuration list for PBXProject "Chic Chicken" */ = {
			isa = XCConfigurationList;
			buildConfigurations = (
				5231F29423813107008710C2 /* Debug */,
				5231F29523813107008710C2 /* Release */,
			);
			defaultConfigurationIsVisible = 0;
			defaultConfigurationName = Release;
		};
		5231F29623813107008710C2 /* Build configuration list for PBXNativeTarget "Chic Chicken" */ = {
			isa = XCConfigurationList;
			buildConfigurations = (
				5231F29723813107008710C2 /* Debug */,
				5231F29823813107008710C2 /* Release */,
			);
			defaultConfigurationIsVisible = 0;
			defaultConfigurationName = Release;
		};
/* End XCConfigurationList section */
	};
	rootObject = 5231F27A238130FF008710C2 /* Project object */;
}
